
Microsoft Visual Studio Solution File, Format Version 12.00
# Visual Studio Version 16
VisualStudioVersion = 16.0.31911.196
MinimumVisualStudioVersion = 10.0.40219.1
Project("{FAE04EC0-301F-11D3-BF4B-00C04F79EFBC}") = "AppRedeSocket", "AppRedeSocket\AppRedeSocket.csproj", "{CA6C9AEC-096F-42EE-A6C6-33BE69D06191}"
EndProject
Global
	GlobalSection(SolutionConfigurationPlatforms) = preSolution
		Debug|Any CPU = Debug|Any CPU
		Release|Any CPU = Release|Any CPU
	EndGlobalSection
	GlobalSection(ProjectConfigurationPlatforms) = postSolution
		{CA6C9AEC-096F-42EE-A6C6-33BE69D06191}.Debug|Any CPU.ActiveCfg = Debug|Any CPU
		{CA6C9AEC-096F-42EE-A6C6-33BE69D06191}.Debug|Any CPU.Build.0 = Debug|Any CPU
		{CA6C9AEC-096F-42EE-A6C6-33BE69D06191}.Release|Any CPU.ActiveCfg = Release|Any CPU
		{CA6C9AEC-096F-42EE-A6C6-33BE69D06191}.Release|Any CPU.Build.0 = Release|Any CPU
	EndGlobalSection
	GlobalSection(SolutionProperties) = preSolution
		HideSolutionNode = FALSE
	EndGlobalSection
	GlobalSection(ExtensibilityGlobals) = postSolution
		SolutionGuid = {10D008F9-6C06-48F5-AE02-960C06923052}
	EndGlobalSection
EndGlobal
